{
  "name": "genome-canvas",
  "version": "1.0.0",
  "lockfileVersion": 3,
  "requires": true,
  "packages": {
    "": {
      "name": "genome-canvas",
      "version": "1.0.0",
      "dependencies": {
        "igv": "3.8.5"
      }
    },
    "node_modules/igv": {
      "version": "3.8.5",
      "resolved": "https://registry.npmjs.org/igv/-/igv-3.8.5.tgz",
      "integrity": "sha512-Tdt0+z0DlQULSPByZG4wm3CeF4VzI+WehEKUyPTsT8W+EhRVV8VVlIZA5U+OXl9mVRMOL444qvN7w4IZJaW9Xw=="
    }
  }
}
